{
  "nodes": {
    "bundix": {
      "flake": false,
      "locked": {
        "lastModified": 1673616892,
        "narHash": "sha256-KDKdesIUpyM6YnGsZMOxN34NhTNCsXvd03qsHNtUdWc=",
        "owner": "sagittaros",
        "repo": "bundix",
        "rev": "4e0d18ad1954bc447540e4f890c3efdf3c53b3a2",
        "type": "github"
      },
      "original": {
        "owner": "sagittaros",
        "repo": "bundix",
        "type": "github"
      }
    },
    "root": {
      "inputs": {
        "bundix": "bundix"
      }
    }
  },
  "root": "root",
  "version": 7
}
