{
  "nodes": {
    "bundix": {
      "flake": false,
      "locked": {
        "lastModified": 1673599991,
        "narHash": "sha256-zrSwr7efPJvcZ3eR4MKprrJrr0gTWemlT3mlSd18Ze0=",
        "owner": "sagittaros",
        "repo": "bundix",
        "rev": "320709e97f8a996d00c319095b10ff96bec621a6",
        "type": "github"
      },
      "original": {
        "owner": "sagittaros",
        "repo": "bundix",
        "type": "github"
      }
    },
    "root": {
      "inputs": {
        "bundix": "bundix"
      }
    }
  },
  "root": "root",
  "version": 7
}
