{
  "nodes": {
    "bundix": {
      "flake": false,
      "locked": {
        "lastModified": 1672136099,
        "narHash": "sha256-p7VCfdFKljQfLNbTH7XqwSNyaEI1K/anF79xeeShxec=",
        "owner": "sagittaros",
        "repo": "bundix",
        "rev": "5323f42f0c5d57222f824e62e12391a26c14e696",
        "type": "github"
      },
      "original": {
        "owner": "sagittaros",
        "repo": "bundix",
        "type": "github"
      }
    },
    "flake-utils": {
      "locked": {
        "lastModified": 1667395993,
        "narHash": "sha256-nuEHfE/LcWyuSWnS8t12N1wc105Qtau+/OdUAjtQ0rA=",
        "owner": "numtide",
        "repo": "flake-utils",
        "rev": "5aed5285a952e0b949eb3ba02c12fa4fcfef535f",
        "type": "github"
      },
      "original": {
        "owner": "numtide",
        "repo": "flake-utils",
        "type": "github"
      }
    },
    "nixpkgs": {
      "locked": {
        "lastModified": 1672057183,
        "narHash": "sha256-GN7/10DNNvs1FPj9tlZA2qgNdFuYKKuS3qlHTqAxasQ=",
        "owner": "NixOS",
        "repo": "nixpkgs",
        "rev": "b139e44d78c36c69bcbb825b20dbfa51e7738347",
        "type": "github"
      },
      "original": {
        "id": "nixpkgs",
        "type": "indirect"
      }
    },
    "root": {
      "inputs": {
        "flake-utils": "flake-utils",
        "nixpkgs": "nixpkgs",
        "ruby-nix": "ruby-nix"
      }
    },
    "ruby-nix": {
      "inputs": {
        "bundix": "bundix"
      },
      "locked": {
        "lastModified": 1672136370,
        "narHash": "sha256-3Ht23oZJjMK05LRzSwzXcR+sR4Ypgpma1oazqnhlfNo=",
        "owner": "sagittaros",
        "repo": "ruby-nix",
        "rev": "93bd7ae437b7b60abe5575334ebd290dd5d92f4c",
        "type": "github"
      },
      "original": {
        "owner": "sagittaros",
        "repo": "ruby-nix",
        "type": "github"
      }
    }
  },
  "root": "root",
  "version": 7
}
