{
  "nodes": {
    "bundix": {
      "flake": false,
      "locked": {
        "lastModified": 1672023024,
        "narHash": "sha256-1iSKlgA9jiRo5oB7Y8mCxBpfy8W38tvaUtSNNPbWjgA=",
        "owner": "sagittaros",
        "repo": "bundix",
        "rev": "ae1e7f308b2ad873703e174a9f4721dc23f3c2f7",
        "type": "github"
      },
      "original": {
        "owner": "sagittaros",
        "repo": "bundix",
        "type": "github"
      }
    },
    "flake-utils": {
      "locked": {
        "lastModified": 1667395993,
        "narHash": "sha256-nuEHfE/LcWyuSWnS8t12N1wc105Qtau+/OdUAjtQ0rA=",
        "owner": "numtide",
        "repo": "flake-utils",
        "rev": "5aed5285a952e0b949eb3ba02c12fa4fcfef535f",
        "type": "github"
      },
      "original": {
        "owner": "numtide",
        "repo": "flake-utils",
        "type": "github"
      }
    },
    "nixpkgs": {
      "locked": {
        "lastModified": 1672057183,
        "narHash": "sha256-GN7/10DNNvs1FPj9tlZA2qgNdFuYKKuS3qlHTqAxasQ=",
        "owner": "NixOS",
        "repo": "nixpkgs",
        "rev": "b139e44d78c36c69bcbb825b20dbfa51e7738347",
        "type": "github"
      },
      "original": {
        "id": "nixpkgs",
        "type": "indirect"
      }
    },
    "root": {
      "inputs": {
        "flake-utils": "flake-utils",
        "nixpkgs": "nixpkgs",
        "ruby-nix": "ruby-nix"
      }
    },
    "ruby-nix": {
      "inputs": {
        "bundix": "bundix"
      },
      "locked": {
        "lastModified": 1672129254,
        "narHash": "sha256-Isfmq+BaMKkYgzvrsbAgAIwTiwlN5a0120kbjs6xWMw=",
        "owner": "sagittaros",
        "repo": "ruby-nix",
        "rev": "9aa7b9e38df12f982faa5bc7a9488009c60ab4a0",
        "type": "github"
      },
      "original": {
        "owner": "sagittaros",
        "repo": "ruby-nix",
        "type": "github"
      }
    }
  },
  "root": "root",
  "version": 7
}
